
Microsoft Visual Studio Solution File, Format Version 12.00
# Visual Studio Version 17
VisualStudioVersion = 17.1.32421.90
MinimumVisualStudioVersion = 10.0.40219.1
Project("{9A19103F-16F7-4668-BE54-9A1E7A4F7556}") = "WebServerApp", "WebServerApp\WebServerApp.csproj", "{7523FE0B-524E-442D-85C0-6CC1FFA67C2B}"
EndProject
Project("{9A19103F-16F7-4668-BE54-9A1E7A4F7556}") = "Services", "Services\Services.csproj", "{0366DB24-E32F-4AAB-9494-287D0FCBC9FA}"
EndProject
Project("{9A19103F-16F7-4668-BE54-9A1E7A4F7556}") = "Models", "Models\Models.csproj", "{AF7343D4-FD24-449A-AD7D-D0557FEA59B8}"
EndProject
Project("{FAE04EC0-301F-11D3-BF4B-00C04F79EFBC}") = "WebApi", "WebApi\WebApi.csproj", "{6815F2D2-224A-456D-9D64-7DC44B8DAE75}"
EndProject
Global
	GlobalSection(SolutionConfigurationPlatforms) = preSolution
		Debug|Any CPU = Debug|Any CPU
		Release|Any CPU = Release|Any CPU
	EndGlobalSection
	GlobalSection(ProjectConfigurationPlatforms) = postSolution
		{7523FE0B-524E-442D-85C0-6CC1FFA67C2B}.Debug|Any CPU.ActiveCfg = Debug|Any CPU
		{7523FE0B-524E-442D-85C0-6CC1FFA67C2B}.Debug|Any CPU.Build.0 = Debug|Any CPU
		{7523FE0B-524E-442D-85C0-6CC1FFA67C2B}.Release|Any CPU.ActiveCfg = Release|Any CPU
		{7523FE0B-524E-442D-85C0-6CC1FFA67C2B}.Release|Any CPU.Build.0 = Release|Any CPU
		{0366DB24-E32F-4AAB-9494-287D0FCBC9FA}.Debug|Any CPU.ActiveCfg = Debug|Any CPU
		{0366DB24-E32F-4AAB-9494-287D0FCBC9FA}.Debug|Any CPU.Build.0 = Debug|Any CPU
		{0366DB24-E32F-4AAB-9494-287D0FCBC9FA}.Release|Any CPU.ActiveCfg = Release|Any CPU
		{0366DB24-E32F-4AAB-9494-287D0FCBC9FA}.Release|Any CPU.Build.0 = Release|Any CPU
		{AF7343D4-FD24-449A-AD7D-D0557FEA59B8}.Debug|Any CPU.ActiveCfg = Debug|Any CPU
		{AF7343D4-FD24-449A-AD7D-D0557FEA59B8}.Debug|Any CPU.Build.0 = Debug|Any CPU
		{AF7343D4-FD24-449A-AD7D-D0557FEA59B8}.Release|Any CPU.ActiveCfg = Release|Any CPU
		{AF7343D4-FD24-449A-AD7D-D0557FEA59B8}.Release|Any CPU.Build.0 = Release|Any CPU
		{6815F2D2-224A-456D-9D64-7DC44B8DAE75}.Debug|Any CPU.ActiveCfg = Debug|Any CPU
		{6815F2D2-224A-456D-9D64-7DC44B8DAE75}.Debug|Any CPU.Build.0 = Debug|Any CPU
		{6815F2D2-224A-456D-9D64-7DC44B8DAE75}.Release|Any CPU.ActiveCfg = Release|Any CPU
		{6815F2D2-224A-456D-9D64-7DC44B8DAE75}.Release|Any CPU.Build.0 = Release|Any CPU
	EndGlobalSection
	GlobalSection(SolutionProperties) = preSolution
		HideSolutionNode = FALSE
	EndGlobalSection
	GlobalSection(ExtensibilityGlobals) = postSolution
		SolutionGuid = {C935FF7B-CFB5-4C60-9399-DB6D6B295E88}
	EndGlobalSection
EndGlobal
